
Microsoft Visual Studio Solution File, Format Version 12.00
Project("{FAE04EC0-301F-11D3-BF4B-00C04F79EFBC}") = "2", "2\2.csproj", "{A3396E84-A0DA-4C17-AB7E-26CBE9F6B280}"
EndProject
Global
	GlobalSection(SolutionConfigurationPlatforms) = preSolution
		Debug|Any CPU = Debug|Any CPU
		Release|Any CPU = Release|Any CPU
	EndGlobalSection
	GlobalSection(ProjectConfigurationPlatforms) = postSolution
		{A3396E84-A0DA-4C17-AB7E-26CBE9F6B280}.Debug|Any CPU.ActiveCfg = Debug|Any CPU
		{A3396E84-A0DA-4C17-AB7E-26CBE9F6B280}.Debug|Any CPU.Build.0 = Debug|Any CPU
		{A3396E84-A0DA-4C17-AB7E-26CBE9F6B280}.Release|Any CPU.ActiveCfg = Release|Any CPU
		{A3396E84-A0DA-4C17-AB7E-26CBE9F6B280}.Release|Any CPU.Build.0 = Release|Any CPU
	EndGlobalSection
EndGlobal
